
Microsoft Visual Studio Solution File, Format Version 12.00
# Visual Studio Version 16
VisualStudioVersion = 16.0.30330.147
MinimumVisualStudioVersion = 10.0.40219.1
Project("{FAE04EC0-301F-11D3-BF4B-00C04F79EFBC}") = "Unary.IOManager", "Unary.IOManager.csproj", "{01BEBFA9-7581-43D9-A074-26705E7BB450}"
EndProject
Global
	GlobalSection(SolutionConfigurationPlatforms) = preSolution
		Debug|Any CPU = Debug|Any CPU
		Release|Any CPU = Release|Any CPU
	EndGlobalSection
	GlobalSection(ProjectConfigurationPlatforms) = postSolution
		{01BEBFA9-7581-43D9-A074-26705E7BB450}.Debug|Any CPU.ActiveCfg = Debug|Any CPU
		{01BEBFA9-7581-43D9-A074-26705E7BB450}.Debug|Any CPU.Build.0 = Debug|Any CPU
		{01BEBFA9-7581-43D9-A074-26705E7BB450}.Release|Any CPU.ActiveCfg = Release|Any CPU
		{01BEBFA9-7581-43D9-A074-26705E7BB450}.Release|Any CPU.Build.0 = Release|Any CPU
	EndGlobalSection
	GlobalSection(SolutionProperties) = preSolution
		HideSolutionNode = FALSE
	EndGlobalSection
	GlobalSection(ExtensibilityGlobals) = postSolution
		SolutionGuid = {253E8DAE-B7C4-421F-9BB0-F4CCAF642813}
	EndGlobalSection
EndGlobal
